<?xml version="1.0" encoding="utf-8"?>
<Project ToolsVersion="4.0" xmlns="http://schemas.microsoft.com/developer/msbuild/2003">
  <ItemGroup>
    <Filter Include="Source Files">
      <UniqueIdentifier>{4FC737F1-C7A5-4376-A066-2A32D752A2FF}</UniqueIdentifier>
      <Extensions>cpp;c;cc;cxx;c++;cppm;ixx;def;odl;idl;hpj;bat;asm;asmx</Extensions>
    </Filter>
    <Filter Include="Header Files">
      <UniqueIdentifier>{93995380-89BD-4b04-88EB-625FBE52EBFB}</UniqueIdentifier>
      <Extensions>h;hh;hpp;hxx;h++;hm;inl;inc;ipp;xsd</Extensions>
    </Filter>
    <Filter Include="Resource Files">
      <UniqueIdentifier>{67DA6AB6-F800-4c08-8B7A-83BB121AAD01}</UniqueIdentifier>
      <Extensions>rc;ico;cur;bmp;dlg;rc2;rct;bin;rgs;gif;jpg;jpeg;jpe;resx;tiff;tif;png;wav;mfcribbon-ms</Extensions>
    </Filter>
    <Filter Include="Source Files\engine">
      <UniqueIdentifier>{c2b925d2-1949-4862-9302-3f46a79c87c9}</UniqueIdentifier>
    </Filter>
    <Filter Include="Source Files\engine\renderer">
      <UniqueIdentifier>{a5eaca32-148d-4c72-b7ad-b4f7cb0548b8}</UniqueIdentifier>
    </Filter>
    <Filter Include="Source Files\engine\renderer\vulkan">
      <UniqueIdentifier>{b7cea539-b9ce-4c91-8c6d-0920ae84918f}</UniqueIdentifier>
    </Filter>
    <Filter Include="Source Files\engine\game_object">
      <UniqueIdentifier>{0265bd93-45cf-464c-a998-6a9705f6a097}</UniqueIdentifier>
    </Filter>
    <Filter Include="Source Files\engine\scene_rendering">
      <UniqueIdentifier>{5f7bdafe-c947-4d5d-85bd-478e98efad6a}</UniqueIdentifier>
    </Filter>
    <Filter Include="Source Files\engine\ray_tracing">
      <UniqueIdentifier>{461046a0-b887-4731-905d-a094544a75fa}</UniqueIdentifier>
    </Filter>
    <Filter Include="Header Files\engine">
      <UniqueIdentifier>{19393963-dc57-49d8-b4ec-34f66735c1d7}</UniqueIdentifier>
    </Filter>
    <Filter Include="Header Files\engine\renderer">
      <UniqueIdentifier>{9bb77967-f6ef-40fc-a54f-381439f1582a}</UniqueIdentifier>
    </Filter>
    <Filter Include="Header Files\engine\renderer\vulkan">
      <UniqueIdentifier>{24a44006-ecdb-42ce-a617-c197377c8978}</UniqueIdentifier>
    </Filter>
    <Filter Include="Header Files\engine\game_object">
      <UniqueIdentifier>{9e6dbc5b-18fd-4382-8a6e-832818f15725}</UniqueIdentifier>
    </Filter>
    <Filter Include="Header Files\engine\scene_rendering">
      <UniqueIdentifier>{6cbcba5e-5ac6-4cd4-abc2-cc1e7212558f}</UniqueIdentifier>
    </Filter>
    <Filter Include="Header Files\engine\ray_tracing">
      <UniqueIdentifier>{654d2382-02e1-4bf9-a424-2cca6e284de2}</UniqueIdentifier>
    </Filter>
    <Filter Include="Resource Files\ray_tracing">
      <UniqueIdentifier>{628cb1b0-5724-44ee-81c1-340264a8950d}</UniqueIdentifier>
    </Filter>
    <Filter Include="Resource Files\ray_tracing\callable_test">
      <UniqueIdentifier>{edc417fe-f1eb-4da1-8cf9-19c3897b104a}</UniqueIdentifier>
    </Filter>
    <Filter Include="Resource Files\ray_tracing\raytracing_shadow">
      <UniqueIdentifier>{738b2b92-d3c0-427f-8c01-1c6d36fa5a1b}</UniqueIdentifier>
    </Filter>
    <Filter Include="Resource Files\terrain">
      <UniqueIdentifier>{3ade918e-f99d-49db-aead-1f568f387fd5}</UniqueIdentifier>
    </Filter>
    <Filter Include="Resource Files\grass">
      <UniqueIdentifier>{e88b729e-973e-4552-8c24-a216ab2b30cf}</UniqueIdentifier>
    </Filter>
    <Filter Include="Resource Files\weather">
      <UniqueIdentifier>{01f5ba18-90a7-43e8-9abf-7a117cbd4fa7}</UniqueIdentifier>
    </Filter>
    <Filter Include="Source Files\engine\ui">
      <UniqueIdentifier>{0e8486b3-6cdb-48a3-ab27-c7a9456b87f6}</UniqueIdentifier>
    </Filter>
    <Filter Include="Header Files\engine\ui">
      <UniqueIdentifier>{ff9e3b1a-7910-4849-9cb7-38e3f206d6e3}</UniqueIdentifier>
    </Filter>
  </ItemGroup>
  <ItemGroup>
    <ClCompile Include="engine_helper.cpp">
      <Filter>Source Files\engine</Filter>
    </ClCompile>
    <ClCompile Include="renderer\renderer.cpp">
      <Filter>Source Files\engine\renderer</Filter>
    </ClCompile>
    <ClCompile Include="renderer\renderer_helper.cpp">
      <Filter>Source Files\engine\renderer</Filter>
    </ClCompile>
    <ClCompile Include="renderer\vulkan\vk_command_buffer.cpp">
      <Filter>Source Files\engine\renderer\vulkan</Filter>
    </ClCompile>
    <ClCompile Include="renderer\vulkan\vk_device.cpp">
      <Filter>Source Files\engine\renderer\vulkan</Filter>
    </ClCompile>
    <ClCompile Include="renderer\vulkan\vk_renderer_helper.cpp">
      <Filter>Source Files\engine\renderer\vulkan</Filter>
    </ClCompile>
    <ClCompile Include="game_object\shape_base.cpp">
      <Filter>Source Files\engine\game_object</Filter>
    </ClCompile>
    <ClCompile Include="game_object\box.cpp">
      <Filter>Source Files\engine\game_object</Filter>
    </ClCompile>
    <ClCompile Include="game_object\camera.cpp">
      <Filter>Source Files\engine\game_object</Filter>
    </ClCompile>
    <ClCompile Include="game_object\debug_draw.cpp">
      <Filter>Source Files\engine\game_object</Filter>
    </ClCompile>
    <ClCompile Include="game_object\drawable_object.cpp">
      <Filter>Source Files\engine\game_object</Filter>
    </ClCompile>
    <ClCompile Include="game_object\object_file.cpp">
      <Filter>Source Files\engine\game_object</Filter>
    </ClCompile>
    <ClCompile Include="game_object\patch.cpp">
      <Filter>Source Files\engine\game_object</Filter>
    </ClCompile>
    <ClCompile Include="game_object\sphere.cpp">
      <Filter>Source Files\engine\game_object</Filter>
    </ClCompile>
    <ClCompile Include="game_object\terrain.cpp">
      <Filter>Source Files\engine\game_object</Filter>
    </ClCompile>
    <ClCompile Include="scene_rendering\ibl_creator.cpp">
      <Filter>Source Files\engine\scene_rendering</Filter>
    </ClCompile>
    <ClCompile Include="scene_rendering\skydome.cpp">
      <Filter>Source Files\engine\scene_rendering</Filter>
    </ClCompile>
    <ClCompile Include="scene_rendering\volume_cloud.cpp">
      <Filter>Source Files\engine\scene_rendering</Filter>
    </ClCompile>
    <ClCompile Include="scene_rendering\volume_noise.cpp">
      <Filter>Source Files\engine\scene_rendering</Filter>
    </ClCompile>
    <ClCompile Include="scene_rendering\weather_system.cpp">
      <Filter>Source Files\engine\scene_rendering</Filter>
    </ClCompile>
    <ClCompile Include="ray_tracing\raytracing_callable.cpp">
      <Filter>Source Files\engine\ray_tracing</Filter>
    </ClCompile>
    <ClCompile Include="ray_tracing\raytracing_shadow.cpp">
      <Filter>Source Files\engine\ray_tracing</Filter>
    </ClCompile>
    <ClCompile Include="game_object\plane.cpp">
      <Filter>Source Files\engine\game_object</Filter>
    </ClCompile>
    <ClCompile Include="game_object\conemap_test.cpp">
      <Filter>Source Files\engine\game_object</Filter>
    </ClCompile>
    <ClCompile Include="scene_rendering\conemap.cpp">
      <Filter>Source Files\engine\scene_rendering</Filter>
    </ClCompile>
    <ClCompile Include="scene_rendering\prt_shadow.cpp">
      <Filter>Source Files\engine\scene_rendering</Filter>
    </ClCompile>
    <ClCompile Include="game_object\conemap_obj.cpp">
      <Filter>Source Files\engine\game_object</Filter>
    </ClCompile>
    <ClCompile Include="scene_rendering\view_capture.cpp">
      <Filter>Source Files\engine\scene_rendering</Filter>
    </ClCompile>
    <ClCompile Include="game_object\hair_test.cpp">
      <Filter>Source Files\engine\game_object</Filter>
    </ClCompile>
    <ClCompile Include="game_object\hair_patch.cpp">
      <Filter>Source Files\engine\game_object</Filter>
    </ClCompile>
    <ClCompile Include="game_object\lbm_patch.cpp">
      <Filter>Source Files\engine\game_object</Filter>
    </ClCompile>
    <ClCompile Include="game_object\lbm_test.cpp">
      <Filter>Source Files\engine\game_object</Filter>
    </ClCompile>
    <ClCompile Include="third_parties\fbx\ufbx.c">
      <Filter>Source Files\engine\game_object</Filter>
    </ClCompile>
    <ClCompile Include="game_object\view_object.cpp">
      <Filter>Source Files\engine\game_object</Filter>
    </ClCompile>
    <ClCompile Include="scene_rendering\terrain_scene_view.cpp">
      <Filter>Source Files\engine\scene_rendering</Filter>
    </ClCompile>
    <ClCompile Include="scene_rendering\object_scene_view.cpp">
      <Filter>Source Files\engine\scene_rendering</Filter>
    </ClCompile>
    <ClCompile Include="game_object\camera_object.cpp">
      <Filter>Source Files\engine\game_object</Filter>
    </ClCompile>
    <ClCompile Include="ui\menu.cpp">
      <Filter>Source Files\engine\ui</Filter>
    </ClCompile>
    <ClCompile Include="ui\chat_box.cpp">
      <Filter>Source Files\engine\ui</Filter>
    </ClCompile>
    <ClCompile Include="game_object\bvh.cpp">
      <Filter>Source Files\engine\game_object</Filter>
    </ClCompile>
  </ItemGroup>
  <ItemGroup>
    <ClInclude Include="engine_helper.h">
      <Filter>Header Files\engine</Filter>
    </ClInclude>
    <ClInclude Include="tiny_mtx2.h">
      <Filter>Header Files\engine</Filter>
    </ClInclude>
    <ClInclude Include="renderer\command_buffer.h">
      <Filter>Header Files\engine\renderer</Filter>
    </ClInclude>
    <ClInclude Include="renderer\device.h">
      <Filter>Header Files\engine\renderer</Filter>
    </ClInclude>
    <ClInclude Include="renderer\physical_device.h">
      <Filter>Header Files\engine\renderer</Filter>
    </ClInclude>
    <ClInclude Include="renderer\renderer.h">
      <Filter>Header Files\engine\renderer</Filter>
    </ClInclude>
    <ClInclude Include="renderer\renderer_definition.h">
      <Filter>Header Files\engine\renderer</Filter>
    </ClInclude>
    <ClInclude Include="renderer\renderer_helper.h">
      <Filter>Header Files\engine\renderer</Filter>
    </ClInclude>
    <ClInclude Include="renderer\renderer_structs.h">
      <Filter>Header Files\engine\renderer</Filter>
    </ClInclude>
    <ClInclude Include="renderer\vulkan\vk_command_buffer.h">
      <Filter>Header Files\engine\renderer\vulkan</Filter>
    </ClInclude>
    <ClInclude Include="renderer\vulkan\vk_device.h">
      <Filter>Header Files\engine\renderer\vulkan</Filter>
    </ClInclude>
    <ClInclude Include="renderer\vulkan\vk_physical_device.h">
      <Filter>Header Files\engine\renderer\vulkan</Filter>
    </ClInclude>
    <ClInclude Include="renderer\vulkan\vk_renderer_helper.h">
      <Filter>Header Files\engine\renderer\vulkan</Filter>
    </ClInclude>
    <ClInclude Include="game_object\shape_base.h">
      <Filter>Header Files\engine\game_object</Filter>
    </ClInclude>
    <ClInclude Include="game_object\box.h">
      <Filter>Header Files\engine\game_object</Filter>
    </ClInclude>
    <ClInclude Include="game_object\camera.h">
      <Filter>Header Files\engine\game_object</Filter>
    </ClInclude>
    <ClInclude Include="game_object\debug_draw.h">
      <Filter>Header Files\engine\game_object</Filter>
    </ClInclude>
    <ClInclude Include="game_object\drawable_object.h">
      <Filter>Header Files\engine\game_object</Filter>
    </ClInclude>
    <ClInclude Include="game_object\object_file.h">
      <Filter>Header Files\engine\game_object</Filter>
    </ClInclude>
    <ClInclude Include="game_object\patch.h">
      <Filter>Header Files\engine\game_object</Filter>
    </ClInclude>
    <ClInclude Include="game_object\sphere.h">
      <Filter>Header Files\engine\game_object</Filter>
    </ClInclude>
    <ClInclude Include="game_object\terrain.h">
      <Filter>Header Files\engine\game_object</Filter>
    </ClInclude>
    <ClInclude Include="scene_rendering\ibl_creator.h">
      <Filter>Header Files\engine\scene_rendering</Filter>
    </ClInclude>
    <ClInclude Include="scene_rendering\weather_system.h">
      <Filter>Header Files\engine\scene_rendering</Filter>
    </ClInclude>
    <ClInclude Include="scene_rendering\skydome.h">
      <Filter>Header Files\engine\scene_rendering</Filter>
    </ClInclude>
    <ClInclude Include="scene_rendering\volume_cloud.h">
      <Filter>Header Files\engine\scene_rendering</Filter>
    </ClInclude>
    <ClInclude Include="scene_rendering\volume_noise.h">
      <Filter>Header Files\engine\scene_rendering</Filter>
    </ClInclude>
    <ClInclude Include="ray_tracing\raytracing_base.h">
      <Filter>Header Files\engine\ray_tracing</Filter>
    </ClInclude>
    <ClInclude Include="ray_tracing\raytracing_callable.h">
      <Filter>Header Files\engine\ray_tracing</Filter>
    </ClInclude>
    <ClInclude Include="ray_tracing\raytracing_shadow.h">
      <Filter>Header Files\engine\ray_tracing</Filter>
    </ClInclude>
    <ClInclude Include="shaders\brdf.glsl.h">
      <Filter>Resource Files</Filter>
    </ClInclude>
    <ClInclude Include="shaders\functions.glsl.h">
      <Filter>Resource Files</Filter>
    </ClInclude>
    <ClInclude Include="shaders\global_definition.glsl.h">
      <Filter>Resource Files</Filter>
    </ClInclude>
    <ClInclude Include="shaders\ibl.glsl.h">
      <Filter>Resource Files</Filter>
    </ClInclude>
    <ClInclude Include="shaders\inoise.glsl.h">
      <Filter>Resource Files</Filter>
    </ClInclude>
    <ClInclude Include="shaders\noise.glsl.h">
      <Filter>Resource Files</Filter>
    </ClInclude>
    <ClInclude Include="shaders\punctual.glsl.h">
      <Filter>Resource Files</Filter>
    </ClInclude>
    <ClInclude Include="shaders\sky_scattering_lut_common.glsl.h">
      <Filter>Resource Files</Filter>
    </ClInclude>
    <ClInclude Include="shaders\sun.glsl.h">
      <Filter>Resource Files</Filter>
    </ClInclude>
    <ClInclude Include="shaders\sunlight_scattering.glsl.h">
      <Filter>Resource Files</Filter>
    </ClInclude>
    <ClInclude Include="shaders\terrain\tile_common.glsl.h">
      <Filter>Resource Files\terrain</Filter>
    </ClInclude>
    <ClInclude Include="shaders\weather\weather_common.glsl.h">
      <Filter>Resource Files\weather</Filter>
    </ClInclude>
    <ClInclude Include="game_object\plane.h">
      <Filter>Header Files\engine\game_object</Filter>
    </ClInclude>
    <ClInclude Include="game_object\conemap_test.h">
      <Filter>Header Files\engine\game_object</Filter>
    </ClInclude>
    <ClInclude Include="scene_rendering\conemap.h">
      <Filter>Header Files\engine\scene_rendering</Filter>
    </ClInclude>
    <ClInclude Include="scene_rendering\prt_shadow.h">
      <Filter>Header Files\engine\scene_rendering</Filter>
    </ClInclude>
    <ClInclude Include="shaders\prt_core.glsl.h">
      <Filter>Resource Files</Filter>
    </ClInclude>
    <ClInclude Include="game_object\conemap_obj.h">
      <Filter>Header Files\engine\game_object</Filter>
    </ClInclude>
    <ClInclude Include="shaders\pbr_lighting.glsl.h">
      <Filter>Resource Files</Filter>
    </ClInclude>
    <ClInclude Include="scene_rendering\view_capture.h">
      <Filter>Header Files\engine\scene_rendering</Filter>
    </ClInclude>
    <ClInclude Include="game_object\hair_test.h">
      <Filter>Header Files\engine\game_object</Filter>
    </ClInclude>
    <ClInclude Include="game_object\hair_patch.h">
      <Filter>Header Files\engine\game_object</Filter>
    </ClInclude>
    <ClInclude Include="game_object\lbm_test.h">
      <Filter>Header Files\engine\game_object</Filter>
    </ClInclude>
    <ClInclude Include="game_object\lbm_patch.h">
      <Filter>Header Files\engine\game_object</Filter>
    </ClInclude>
    <ClInclude Include="third_parties\fbx\ufbx.h">
      <Filter>Header Files\engine\game_object</Filter>
    </ClInclude>
    <ClInclude Include="game_object\view_object.h">
      <Filter>Header Files\engine\game_object</Filter>
    </ClInclude>
    <ClInclude Include="scene_rendering\terrain_scene_view.h">
      <Filter>Header Files\engine\scene_rendering</Filter>
    </ClInclude>
    <ClInclude Include="scene_rendering\object_scene_view.h">
      <Filter>Header Files\engine\scene_rendering</Filter>
    </ClInclude>
    <ClInclude Include="game_object\camera_object.h">
      <Filter>Header Files\engine\game_object</Filter>
    </ClInclude>
    <ClInclude Include="ui\menu.h">
      <Filter>Header Files\engine\ui</Filter>
    </ClInclude>
    <ClInclude Include="ui\chat_box.h">
      <Filter>Header Files\engine\ui</Filter>
    </ClInclude>
    <ClInclude Include="game_object\bvh.h">
      <Filter>Header Files\engine\game_object</Filter>
    </ClInclude>
  </ItemGroup>
  <ItemGroup>
    <None Include="shaders\base.frag">
      <Filter>Resource Files</Filter>
    </None>
    <None Include="shaders\base.vert">
      <Filter>Resource Files</Filter>
    </None>
    <None Include="shaders\blur_image_x.comp">
      <Filter>Resource Files</Filter>
    </None>
    <None Include="shaders\blur_image_y_merge.comp">
      <Filter>Resource Files</Filter>
    </None>
    <None Include="shaders\cube_ibl.frag">
      <Filter>Resource Files</Filter>
    </None>
    <None Include="shaders\cube_skybox.frag">
      <Filter>Resource Files</Filter>
    </None>
    <None Include="shaders\debug_draw.frag">
      <Filter>Resource Files</Filter>
    </None>
    <None Include="shaders\debug_draw.vert">
      <Filter>Resource Files</Filter>
    </None>
    <None Include="shaders\full_screen.vert">
      <Filter>Resource Files</Filter>
    </None>
    <None Include="shaders\ibl_smooth.comp">
      <Filter>Resource Files</Filter>
    </None>
    <None Include="shaders\lungs.frag">
      <Filter>Resource Files</Filter>
    </None>
    <None Include="shaders\lungs.vert">
      <Filter>Resource Files</Filter>
    </None>
    <None Include="shaders\perlin_noise_init.comp">
      <Filter>Resource Files</Filter>
    </None>
    <None Include="shaders\shaders-compile.cfg">
      <Filter>Resource Files</Filter>
    </None>
    <None Include="shaders\sky_scattering_lut_final_pass.comp">
      <Filter>Resource Files</Filter>
    </None>
    <None Include="shaders\sky_scattering_lut_first_pass.comp">
      <Filter>Resource Files</Filter>
    </None>
    <None Include="shaders\sky_scattering_lut_sum_pass.comp">
      <Filter>Resource Files</Filter>
    </None>
    <None Include="shaders\skybox.frag">
      <Filter>Resource Files</Filter>
    </None>
    <None Include="shaders\skybox.vert">
      <Filter>Resource Files</Filter>
    </None>
    <None Include="shaders\update_camera.comp">
      <Filter>Resource Files</Filter>
    </None>
    <None Include="shaders\update_game_objects.comp">
      <Filter>Resource Files</Filter>
    </None>
    <None Include="shaders\update_gltf_indirect_draw.comp">
      <Filter>Resource Files</Filter>
    </None>
    <None Include="shaders\update_instance_buffer.comp">
      <Filter>Resource Files</Filter>
    </None>
    <None Include="shaders\ray_tracing\callable_test\rt_callable1.rcall">
      <Filter>Resource Files\ray_tracing\callable_test</Filter>
    </None>
    <None Include="shaders\ray_tracing\callable_test\rt_callable2.rcall">
      <Filter>Resource Files\ray_tracing\callable_test</Filter>
    </None>
    <None Include="shaders\ray_tracing\callable_test\rt_callable3.rcall">
      <Filter>Resource Files\ray_tracing\callable_test</Filter>
    </None>
    <None Include="shaders\ray_tracing\callable_test\rt_closesthit.rchit">
      <Filter>Resource Files\ray_tracing\callable_test</Filter>
    </None>
    <None Include="shaders\ray_tracing\callable_test\rt_miss.rmiss">
      <Filter>Resource Files\ray_tracing\callable_test</Filter>
    </None>
    <None Include="shaders\ray_tracing\callable_test\rt_raygen.rgen">
      <Filter>Resource Files\ray_tracing\callable_test</Filter>
    </None>
    <None Include="shaders\ray_tracing\raytracing_shadow\rt_miss.rmiss">
      <Filter>Resource Files\ray_tracing\raytracing_shadow</Filter>
    </None>
    <None Include="shaders\ray_tracing\raytracing_shadow\rt_raygen.rgen">
      <Filter>Resource Files\ray_tracing\raytracing_shadow</Filter>
    </None>
    <None Include="shaders\ray_tracing\raytracing_shadow\rt_shadow.rmiss">
      <Filter>Resource Files\ray_tracing\raytracing_shadow</Filter>
    </None>
    <None Include="shaders\ray_tracing\raytracing_shadow\rt_closesthit.rchit">
      <Filter>Resource Files\ray_tracing\raytracing_shadow</Filter>
    </None>
    <None Include="shaders\terrain\tile_creator.comp">
      <Filter>Resource Files\terrain</Filter>
    </None>
    <None Include="shaders\terrain\tile_flow_update.comp">
      <Filter>Resource Files\terrain</Filter>
    </None>
    <None Include="shaders\terrain\tile_update.comp">
      <Filter>Resource Files\terrain</Filter>
    </None>
    <None Include="shaders\terrain\tile_water.frag">
      <Filter>Resource Files\terrain</Filter>
    </None>
    <None Include="shaders\terrain\tile.frag">
      <Filter>Resource Files\terrain</Filter>
    </None>
    <None Include="shaders\terrain\tile.vert">
      <Filter>Resource Files\terrain</Filter>
    </None>
    <None Include="shaders\grass\grass.frag">
      <Filter>Resource Files\grass</Filter>
    </None>
    <None Include="shaders\grass\grass.geom">
      <Filter>Resource Files\grass</Filter>
    </None>
    <None Include="shaders\grass\grass.mesh">
      <Filter>Resource Files\grass</Filter>
    </None>
    <None Include="shaders\grass\grass.vert">
      <Filter>Resource Files\grass</Filter>
    </None>
    <None Include="shaders\grass\grass.comp">
      <Filter>Resource Files\grass</Filter>
    </None>
    <None Include="shaders\weather\airflow_update.comp">
      <Filter>Resource Files\weather</Filter>
    </None>
    <None Include="shaders\weather\cloud_shadow_init.comp">
      <Filter>Resource Files\weather</Filter>
    </None>
    <None Include="shaders\weather\cloud_shadow_merge.comp">
      <Filter>Resource Files\weather</Filter>
    </None>
    <None Include="shaders\weather\render_volume_cloud.comp">
      <Filter>Resource Files\weather</Filter>
    </None>
    <None Include="shaders\weather\temperature_init.comp">
      <Filter>Resource Files\weather</Filter>
    </None>
    <None Include="shaders\prt_shadow_gen.comp">
      <Filter>Resource Files</Filter>
    </None>
    <None Include="shaders\conemap_gen.comp">
      <Filter>Resource Files</Filter>
    </None>
    <None Include="shaders\conemap_test.frag">
      <Filter>Resource Files</Filter>
    </None>
    <None Include="shaders\conemap_test.vert">
      <Filter>Resource Files</Filter>
    </None>
    <None Include="shaders\prt_minmax_ds.comp">
      <Filter>Resource Files</Filter>
    </None>
    <None Include="shaders\gen_prt_pack_info.comp">
      <Filter>Resource Files</Filter>
    </None>
    <None Include="shaders\pack_prt.comp">
      <Filter>Resource Files</Filter>
    </None>
    <None Include="shaders\conemap_gen_init.comp">
      <Filter>Resource Files</Filter>
    </None>
    <None Include="shaders\gen_minmax_depth.comp">
      <Filter>Resource Files</Filter>
    </None>
    <None Include="shaders\prt_shadow_cache_init.comp">
      <Filter>Resource Files</Filter>
    </None>
    <None Include="shaders\prt_shadow_cache_update.comp">
      <Filter>Resource Files</Filter>
    </None>
    <None Include="shaders\prt_shadow_gen_with_cache.comp">
      <Filter>Resource Files</Filter>
    </None>
    <None Include="shaders\conemap_pack.comp">
      <Filter>Resource Files</Filter>
    </None>
    <None Include="shaders\hair_test.frag">
      <Filter>Resource Files</Filter>
    </None>
    <None Include="shaders\hair_test.vert">
      <Filter>Resource Files</Filter>
    </None>
    <None Include="shaders\hair_patch.comp">
      <Filter>Resource Files</Filter>
    </None>
    <None Include="shaders\lbm_test.frag">
      <Filter>Resource Files</Filter>
    </None>
    <None Include="shaders\lbm_test.vert">
      <Filter>Resource Files</Filter>
    </None>
    <None Include="shaders\lbm_patch.comp">
      <Filter>Resource Files</Filter>
    </None>
    <None Include="shaders\base_depthonly.frag">
      <Filter>Resource Files</Filter>
    </None>
    <None Include="shaders\base_depthonly.vert">
      <Filter>Resource Files</Filter>
    </None>
    <None Include="shaders\base_shape_draw.frag">
      <Filter>Resource Files</Filter>
    </None>
    <None Include="shaders\base_shape_draw.vert">
      <Filter>Resource Files</Filter>
    </None>
  </ItemGroup>
</Project>